
Microsoft Visual Studio Solution File, Format Version 12.00
# Visual Studio Version 16
VisualStudioVersion = 16.0.29424.173
MinimumVisualStudioVersion = 10.0.40219.1
Project("{FAE04EC0-301F-11D3-BF4B-00C04F79EFBC}") = "LoggingDemo", "Logging\LoggingDemo.csproj", "{B0636CE6-2C32-4494-8F00-05E0B914EE21}"
EndProject
Global
	GlobalSection(SolutionConfigurationPlatforms) = preSolution
		Debug|Any CPU = Debug|Any CPU
		Release|Any CPU = Release|Any CPU
	EndGlobalSection
	GlobalSection(ProjectConfigurationPlatforms) = postSolution
		{B0636CE6-2C32-4494-8F00-05E0B914EE21}.Debug|Any CPU.ActiveCfg = Debug|Any CPU
		{B0636CE6-2C32-4494-8F00-05E0B914EE21}.Debug|Any CPU.Build.0 = Debug|Any CPU
		{B0636CE6-2C32-4494-8F00-05E0B914EE21}.Release|Any CPU.ActiveCfg = Release|Any CPU
		{B0636CE6-2C32-4494-8F00-05E0B914EE21}.Release|Any CPU.Build.0 = Release|Any CPU
	EndGlobalSection
	GlobalSection(SolutionProperties) = preSolution
		HideSolutionNode = FALSE
	EndGlobalSection
	GlobalSection(ExtensibilityGlobals) = postSolution
		SolutionGuid = {79949D03-3019-4F58-BD56-7ADEC68BEFE5}
	EndGlobalSection
EndGlobal
