
Microsoft Visual Studio Solution File, Format Version 12.00
# Visual Studio Version 16
VisualStudioVersion = 16.0.29503.13
MinimumVisualStudioVersion = 10.0.40219.1
Project("{FAE04EC0-301F-11D3-BF4B-00C04F79EFBC}") = "API", "API\API.csproj", "{FFB19F1F-E006-45B2-865C-BB2D7A3F352B}"
EndProject
Global
	GlobalSection(SolutionConfigurationPlatforms) = preSolution
		Debug|Any CPU = Debug|Any CPU
		Release|Any CPU = Release|Any CPU
	EndGlobalSection
	GlobalSection(ProjectConfigurationPlatforms) = postSolution
		{FFB19F1F-E006-45B2-865C-BB2D7A3F352B}.Debug|Any CPU.ActiveCfg = Debug|Any CPU
		{FFB19F1F-E006-45B2-865C-BB2D7A3F352B}.Debug|Any CPU.Build.0 = Debug|Any CPU
		{FFB19F1F-E006-45B2-865C-BB2D7A3F352B}.Release|Any CPU.ActiveCfg = Release|Any CPU
		{FFB19F1F-E006-45B2-865C-BB2D7A3F352B}.Release|Any CPU.Build.0 = Release|Any CPU
	EndGlobalSection
	GlobalSection(SolutionProperties) = preSolution
		HideSolutionNode = FALSE
	EndGlobalSection
	GlobalSection(ExtensibilityGlobals) = postSolution
		SolutionGuid = {601933DB-02D3-4CC4-9659-6EDF392A5CA0}
	EndGlobalSection
EndGlobal
