
Microsoft Visual Studio Solution File, Format Version 12.00
# Visual Studio Version 16
VisualStudioVersion = 16.0.29424.173
MinimumVisualStudioVersion = 10.0.40219.1
Project("{159641D6-6404-4A2A-AE62-294DE0FE8301}") = "IntegratedServices", "IntegratedServices\IntegratedServices.dtproj", "{287FDC44-1F2F-4960-98CA-82447A5A1C3D}"
EndProject
Global
	GlobalSection(SolutionConfigurationPlatforms) = preSolution
		Development|Default = Development|Default
	EndGlobalSection
	GlobalSection(ProjectConfigurationPlatforms) = postSolution
		{287FDC44-1F2F-4960-98CA-82447A5A1C3D}.Development|Default.ActiveCfg = Development
		{287FDC44-1F2F-4960-98CA-82447A5A1C3D}.Development|Default.Build.0 = Development
	EndGlobalSection
	GlobalSection(SolutionProperties) = preSolution
		HideSolutionNode = FALSE
	EndGlobalSection
	GlobalSection(ExtensibilityGlobals) = postSolution
		SolutionGuid = {3A630B01-59DB-49C2-AAFE-9B0D93440EB6}
	EndGlobalSection
EndGlobal
