
Microsoft Visual Studio Solution File, Format Version 12.00
# Visual Studio 15
VisualStudioVersion = 15.0.28307.705
MinimumVisualStudioVersion = 10.0.40219.1
Project("{FAE04EC0-301F-11D3-BF4B-00C04F79EFBC}") = "WebApplication_APIC", "WebApplication_APIC\WebApplication_APIC.csproj", "{4EC6E2DA-63D1-4CF1-977A-5BB9996B5C48}"
EndProject
Global
	GlobalSection(SolutionConfigurationPlatforms) = preSolution
		Debug|Any CPU = Debug|Any CPU
		Release|Any CPU = Release|Any CPU
	EndGlobalSection
	GlobalSection(ProjectConfigurationPlatforms) = postSolution
		{4EC6E2DA-63D1-4CF1-977A-5BB9996B5C48}.Debug|Any CPU.ActiveCfg = Debug|Any CPU
		{4EC6E2DA-63D1-4CF1-977A-5BB9996B5C48}.Debug|Any CPU.Build.0 = Debug|Any CPU
		{4EC6E2DA-63D1-4CF1-977A-5BB9996B5C48}.Release|Any CPU.ActiveCfg = Release|Any CPU
		{4EC6E2DA-63D1-4CF1-977A-5BB9996B5C48}.Release|Any CPU.Build.0 = Release|Any CPU
	EndGlobalSection
	GlobalSection(SolutionProperties) = preSolution
		HideSolutionNode = FALSE
	EndGlobalSection
	GlobalSection(ExtensibilityGlobals) = postSolution
		SolutionGuid = {770C372E-51A4-45D0-A7B1-48E1BBA78B83}
	EndGlobalSection
EndGlobal
