
Microsoft Visual Studio Solution File, Format Version 12.00
# Visual Studio Version 16
VisualStudioVersion = 16.0.29424.173
MinimumVisualStudioVersion = 10.0.40219.1
Project("{FAE04EC0-301F-11D3-BF4B-00C04F79EFBC}") = "WebAPI2", "WebAPI2\WebAPI2.csproj", "{C6667B43-8A6E-4AD1-AB0E-5B836BDE715C}"
EndProject
Global
	GlobalSection(SolutionConfigurationPlatforms) = preSolution
		Debug|Any CPU = Debug|Any CPU
		Release|Any CPU = Release|Any CPU
	EndGlobalSection
	GlobalSection(ProjectConfigurationPlatforms) = postSolution
		{C6667B43-8A6E-4AD1-AB0E-5B836BDE715C}.Debug|Any CPU.ActiveCfg = Debug|Any CPU
		{C6667B43-8A6E-4AD1-AB0E-5B836BDE715C}.Debug|Any CPU.Build.0 = Debug|Any CPU
		{C6667B43-8A6E-4AD1-AB0E-5B836BDE715C}.Release|Any CPU.ActiveCfg = Release|Any CPU
		{C6667B43-8A6E-4AD1-AB0E-5B836BDE715C}.Release|Any CPU.Build.0 = Release|Any CPU
	EndGlobalSection
	GlobalSection(SolutionProperties) = preSolution
		HideSolutionNode = FALSE
	EndGlobalSection
	GlobalSection(ExtensibilityGlobals) = postSolution
		SolutionGuid = {5269046E-542C-4955-846E-BA3292F8D16D}
	EndGlobalSection
EndGlobal
